
Microsoft Visual Studio Solution File, Format Version 12.00
# Visual Studio Version 17
VisualStudioVersion = 17.1.31911.260
MinimumVisualStudioVersion = 10.0.40219.1
Project("{FAE04EC0-301F-11D3-BF4B-00C04F79EFBC}") = "SomfyRtsApp", "SampleApp\SomfyRtsApp.csproj", "{0A00CAD1-ACBE-4EC3-B90D-2E3F71F6B5DF}"
EndProject
Global
	GlobalSection(SolutionConfigurationPlatforms) = preSolution
		Debug|Any CPU = Debug|Any CPU
		Release|Any CPU = Release|Any CPU
	EndGlobalSection
	GlobalSection(ProjectConfigurationPlatforms) = postSolution
		{0A00CAD1-ACBE-4EC3-B90D-2E3F71F6B5DF}.Debug|Any CPU.ActiveCfg = Debug|Any CPU
		{0A00CAD1-ACBE-4EC3-B90D-2E3F71F6B5DF}.Debug|Any CPU.Build.0 = Debug|Any CPU
		{0A00CAD1-ACBE-4EC3-B90D-2E3F71F6B5DF}.Release|Any CPU.ActiveCfg = Release|Any CPU
		{0A00CAD1-ACBE-4EC3-B90D-2E3F71F6B5DF}.Release|Any CPU.Build.0 = Release|Any CPU
	EndGlobalSection
	GlobalSection(SolutionProperties) = preSolution
		HideSolutionNode = FALSE
	EndGlobalSection
	GlobalSection(ExtensibilityGlobals) = postSolution
		SolutionGuid = {E6C0485E-C669-4FA3-9991-BD9ACE605B87}
	EndGlobalSection
EndGlobal
